// !$*UTF8*$!
{
	archiveVersion = 1;
	classes = {
	};
	objectVersion = 50;
	objects = {

/* Begin PBXBuildFile section */
		F2FF2A3C22E540C40054F22D /* AppDelegate.swift in Sources */ = {isa = PBXBuildFile; fileRef = F2FF2A3B22E540C40054F22D /* AppDelegate.swift */; };
		F2FF2A3E22E540C40054F22D /* ViewController.swift in Sources */ = {isa = PBXBuildFile; fileRef = F2FF2A3D22E540C40054F22D /* ViewController.swift */; };
		F2FF2A4122E540C40054F22D /* Main.storyboard in Resources */ = {isa = PBXBuildFile; fileRef = F2FF2A3F22E540C40054F22D /* Main.storyboard */; };
		F2FF2A4322E540C50054F22D /* Assets.xcassets in Resources */ = {isa = PBXBuildFile; fileRef = F2FF2A4222E540C50054F22D /* Assets.xcassets */; };
		F2FF2A4622E540C50054F22D /* LaunchScreen.storyboard in Resources */ = {isa = PBXBuildFile; fileRef = F2FF2A4422E540C50054F22D /* LaunchScreen.storyboard */; };
		F2FF2A5122E540C50054F22D /* PanGestureSampleTests.swift in Sources */ = {isa = PBXBuildFile; fileRef = F2FF2A5022E540C50054F22D /* PanGestureSampleTests.swift */; };
/* End PBXBuildFile section */

/* Begin PBXContainerItemProxy section */
		F2FF2A4D22E540C50054F22D /* PBXContainerItemProxy */ = {
			isa = PBXContainerItemProxy;
			containerPortal = F2FF2A3022E540C40054F22D /* Project object */;
			proxyType = 1;
			remoteGlobalIDString = F2FF2A3722E540C40054F22D;
			remoteInfo = PanGestureSample;
		};
/* End PBXContainerItemProxy section */

/* Begin PBXFileReference section */
		F2FF2A3822E540C40054F22D /* PanGestureSample.app */ = {isa = PBXFileReference; explicitFileType = wrapper.application; includeInIndex = 0; path = PanGestureSample.app; sourceTree = BUILT_PRODUCTS_DIR; };
		F2FF2A3B22E540C40054F22D /* AppDelegate.swift */ = {isa = PBXFileReference; lastKnownFileType = sourcecode.swift; path = AppDelegate.swift; sourceTree = "<group>"; };
		F2FF2A3D22E540C40054F22D /* ViewController.swift */ = {isa = PBXFileReference; lastKnownFileType = sourcecode.swift; path = ViewController.swift; sourceTree = "<group>"; };
		F2FF2A4022E540C40054F22D /* Base */ = {isa = PBXFileReference; lastKnownFileType = file.storyboard; name = Base; path = Base.lproj/Main.storyboard; sourceTree = "<group>"; };
		F2FF2A4222E540C50054F22D /* Assets.xcassets */ = {isa = PBXFileReference; lastKnownFileType = folder.assetcatalog; path = Assets.xcassets; sourceTree = "<group>"; };
		F2FF2A4522E540C50054F22D /* Base */ = {isa = PBXFileReference; lastKnownFileType = file.storyboard; name = Base; path = Base.lproj/LaunchScreen.storyboard; sourceTree = "<group>"; };
		F2FF2A4722E540C50054F22D /* Info.plist */ = {isa = PBXFileReference; lastKnownFileType = text.plist.xml; path = Info.plist; sourceTree = "<group>"; };
		F2FF2A4C22E540C50054F22D /* PanGestureSampleTests.xctest */ = {isa = PBXFileReference; explicitFileType = wrapper.cfbundle; includeInIndex = 0; path = PanGestureSampleTests.xctest; sourceTree = BUILT_PRODUCTS_DIR; };
		F2FF2A5022E540C50054F22D /* PanGestureSampleTests.swift */ = {isa = PBXFileReference; lastKnownFileType = sourcecode.swift; path = PanGestureSampleTests.swift; sourceTree = "<group>"; };
		F2FF2A5222E540C50054F22D /* Info.plist */ = {isa = PBXFileReference; lastKnownFileType = text.plist.xml; path = Info.plist; sourceTree = "<group>"; };
/* End PBXFileReference section */

/* Begin PBXFrameworksBuildPhase section */
		F2FF2A3522E540C40054F22D /* Frameworks */ = {
			isa = PBXFrameworksBuildPhase;
			buildActionMask = 2147483647;
			files = (
			);
			runOnlyForDeploymentPostprocessing = 0;
		};
		F2FF2A4922E540C50054F22D /* Frameworks */ = {
			isa = PBXFrameworksBuildPhase;
			buildActionMask = 2147483647;
			files = (
			);
			runOnlyForDeploymentPostprocessing = 0;
		};
/* End PBXFrameworksBuildPhase section */

/* Begin PBXGroup section */
		F2FF2A2F22E540C40054F22D = {
			isa = PBXGroup;
			children = (
				F2FF2A3A22E540C40054F22D /* PanGestureSample */,
				F2FF2A4F22E540C50054F22D /* PanGestureSampleTests */,
				F2FF2A3922E540C40054F22D /* Products */,
			);
			sourceTree = "<group>";
		};
		F2FF2A3922E540C40054F22D /* Products */ = {
			isa = PBXGroup;
			children = (
				F2FF2A3822E540C40054F22D /* PanGestureSample.app */,
				F2FF2A4C22E540C50054F22D /* PanGestureSampleTests.xctest */,
			);
			name = Products;
			sourceTree = "<group>";
		};
		F2FF2A3A22E540C40054F22D /* PanGestureSample */ = {
			isa = PBXGroup;
			children = (
				F2FF2A3B22E540C40054F22D /* AppDelegate.swift */,
				F2FF2A3D22E540C40054F22D /* ViewController.swift */,
				F2FF2A3F22E540C40054F22D /* Main.storyboard */,
				F2FF2A4222E540C50054F22D /* Assets.xcassets */,
				F2FF2A4422E540C50054F22D /* LaunchScreen.storyboard */,
				F2FF2A4722E540C50054F22D /* Info.plist */,
			);
			path = PanGestureSample;
			sourceTree = "<group>";
		};
		F2FF2A4F22E540C50054F22D /* PanGestureSampleTests */ = {
			isa = PBXGroup;
			children = (
				F2FF2A5022E540C50054F22D /* PanGestureSampleTests.swift */,
				F2FF2A5222E540C50054F22D /* Info.plist */,
			);
			path = PanGestureSampleTests;
			sourceTree = "<group>";
		};
/* End PBXGroup section */

/* Begin PBXNativeTarget section */
		F2FF2A3722E540C40054F22D /* PanGestureSample */ = {
			isa = PBXNativeTarget;
			buildConfigurationList = F2FF2A5522E540C50054F22D /* Build configuration list for PBXNativeTarget "PanGestureSample" */;
			buildPhases = (
				F2FF2A3422E540C40054F22D /* Sources */,
				F2FF2A3522E540C40054F22D /* Frameworks */,
				F2FF2A3622E540C40054F22D /* Resources */,
			);
			buildRules = (
			);
			dependencies = (
			);
			name = PanGestureSample;
			productName = PanGestureSample;
			productReference = F2FF2A3822E540C40054F22D /* PanGestureSample.app */;
			productType = "com.apple.product-type.application";
		};
		F2FF2A4B22E540C50054F22D /* PanGestureSampleTests */ = {
			isa = PBXNativeTarget;
			buildConfigurationList = F2FF2A5822E540C50054F22D /* Build configuration list for PBXNativeTarget "PanGestureSampleTests" */;
			buildPhases = (
				F2FF2A4822E540C50054F22D /* Sources */,
				F2FF2A4922E540C50054F22D /* Frameworks */,
				F2FF2A4A22E540C50054F22D /* Resources */,
			);
			buildRules = (
			);
			dependencies = (
				F2FF2A4E22E540C50054F22D /* PBXTargetDependency */,
			);
			name = PanGestureSampleTests;
			productName = PanGestureSampleTests;
			productReference = F2FF2A4C22E540C50054F22D /* PanGestureSampleTests.xctest */;
			productType = "com.apple.product-type.bundle.unit-test";
		};
/* End PBXNativeTarget section */

/* Begin PBXProject section */
		F2FF2A3022E540C40054F22D /* Project object */ = {
			isa = PBXProject;
			attributes = {
				LastSwiftUpdateCheck = 1020;
				LastUpgradeCheck = 1020;
				ORGANIZATIONNAME = "Jeganathan, Vivin";
				TargetAttributes = {
					F2FF2A3722E540C40054F22D = {
						CreatedOnToolsVersion = 10.2;
					};
					F2FF2A4B22E540C50054F22D = {
						CreatedOnToolsVersion = 10.2;
						TestTargetID = F2FF2A3722E540C40054F22D;
					};
				};
			};
			buildConfigurationList = F2FF2A3322E540C40054F22D /* Build configuration list for PBXProject "PanGestureSample" */;
			compatibilityVersion = "Xcode 9.3";
			developmentRegion = en;
			hasScannedForEncodings = 0;
			knownRegions = (
				en,
				Base,
			);
			mainGroup = F2FF2A2F22E540C40054F22D;
			productRefGroup = F2FF2A3922E540C40054F22D /* Products */;
			projectDirPath = "";
			projectRoot = "";
			targets = (
				F2FF2A3722E540C40054F22D /* PanGestureSample */,
				F2FF2A4B22E540C50054F22D /* PanGestureSampleTests */,
			);
		};
/* End PBXProject section */

/* Begin PBXResourcesBuildPhase section */
		F2FF2A3622E540C40054F22D /* Resources */ = {
			isa = PBXResourcesBuildPhase;
			buildActionMask = 2147483647;
			files = (
				F2FF2A4622E540C50054F22D /* LaunchScreen.storyboard in Resources */,
				F2FF2A4322E540C50054F22D /* Assets.xcassets in Resources */,
				F2FF2A4122E540C40054F22D /* Main.storyboard in Resources */,
			);
			runOnlyForDeploymentPostprocessing = 0;
		};
		F2FF2A4A22E540C50054F22D /* Resources */ = {
			isa = PBXResourcesBuildPhase;
			buildActionMask = 2147483647;
			files = (
			);
			runOnlyForDeploymentPostprocessing = 0;
		};
/* End PBXResourcesBuildPhase section */

/* Begin PBXSourcesBuildPhase section */
		F2FF2A3422E540C40054F22D /* Sources */ = {
			isa = PBXSourcesBuildPhase;
			buildActionMask = 2147483647;
			files = (
				F2FF2A3E22E540C40054F22D /* ViewController.swift in Sources */,
				F2FF2A3C22E540C40054F22D /* AppDelegate.swift in Sources */,
			);
			runOnlyForDeploymentPostprocessing = 0;
		};
		F2FF2A4822E540C50054F22D /* Sources */ = {
			isa = PBXSourcesBuildPhase;
			buildActionMask = 2147483647;
			files = (
				F2FF2A5122E540C50054F22D /* PanGestureSampleTests.swift in Sources */,
			);
			runOnlyForDeploymentPostprocessing = 0;
		};
/* End PBXSourcesBuildPhase section */

/* Begin PBXTargetDependency section */
		F2FF2A4E22E540C50054F22D /* PBXTargetDependency */ = {
			isa = PBXTargetDependency;
			target = F2FF2A3722E540C40054F22D /* PanGestureSample */;
			targetProxy = F2FF2A4D22E540C50054F22D /* PBXContainerItemProxy */;
		};
/* End PBXTargetDependency section */

/* Begin PBXVariantGroup section */
		F2FF2A3F22E540C40054F22D /* Main.storyboard */ = {
			isa = PBXVariantGroup;
			children = (
				F2FF2A4022E540C40054F22D /* Base */,
			);
			name = Main.storyboard;
			sourceTree = "<group>";
		};
		F2FF2A4422E540C50054F22D /* LaunchScreen.storyboard */ = {
			isa = PBXVariantGroup;
			children = (
				F2FF2A4522E540C50054F22D /* Base */,
			);
			name = LaunchScreen.storyboard;
			sourceTree = "<group>";
		};
/* End PBXVariantGroup section */

/* Begin XCBuildConfiguration section */
		F2FF2A5322E540C50054F22D /* Debug */ = {
			isa = XCBuildConfiguration;
			buildSettings = {
				ALWAYS_SEARCH_USER_PATHS = NO;
				CLANG_ANALYZER_NONNULL = YES;
				CLANG_ANALYZER_NUMBER_OBJECT_CONVERSION = YES_AGGRESSIVE;
				CLANG_CXX_LANGUAGE_STANDARD = "gnu++14";
				CLANG_CXX_LIBRARY = "libc++";
				CLANG_ENABLE_MODULES = YES;
				CLANG_ENABLE_OBJC_ARC = YES;
				CLANG_ENABLE_OBJC_WEAK = YES;
				CLANG_WARN_BLOCK_CAPTURE_AUTORELEASING = YES;
				CLANG_WARN_BOOL_CONVERSION = YES;
				CLANG_WARN_COMMA = YES;
				CLANG_WARN_CONSTANT_CONVERSION = YES;
				CLANG_WARN_DEPRECATED_OBJC_IMPLEMENTATIONS = YES;
				CLANG_WARN_DIRECT_OBJC_ISA_USAGE = YES_ERROR;
				CLANG_WARN_DOCUMENTATION_COMMENTS = YES;
				CLANG_WARN_EMPTY_BODY = YES;
				CLANG_WARN_ENUM_CONVERSION = YES;
				CLANG_WARN_INFINITE_RECURSION = YES;
				CLANG_WARN_INT_CONVERSION = YES;
				CLANG_WARN_NON_LITERAL_NULL_CONVERSION = YES;
				CLANG_WARN_OBJC_IMPLICIT_RETAIN_SELF = YES;
				CLANG_WARN_OBJC_LITERAL_CONVERSION = YES;
				CLANG_WARN_OBJC_ROOT_CLASS = YES_ERROR;
				CLANG_WARN_RANGE_LOOP_ANALYSIS = YES;
				CLANG_WARN_STRICT_PROTOTYPES = YES;
				CLANG_WARN_SUSPICIOUS_MOVE = YES;
				CLANG_WARN_UNGUARDED_AVAILABILITY = YES_AGGRESSIVE;
				CLANG_WARN_UNREACHABLE_CODE = YES;
				CLANG_WARN__DUPLICATE_METHOD_MATCH = YES;
				CODE_SIGN_IDENTITY = "iPhone Developer";
				COPY_PHASE_STRIP = NO;
				DEBUG_INFORMATION_FORMAT = dwarf;
				ENABLE_STRICT_OBJC_MSGSEND = YES;
				ENABLE_TESTABILITY = YES;
				GCC_C_LANGUAGE_STANDARD = gnu11;
				GCC_DYNAMIC_NO_PIC = NO;
				GCC_NO_COMMON_BLOCKS = YES;
				GCC_OPTIMIZATION_LEVEL = 0;
				GCC_PREPROCESSOR_DEFINITIONS = (
					"DEBUG=1",
					"$(inherited)",
				);
				GCC_WARN_64_TO_32_BIT_CONVERSION = YES;
				GCC_WARN_ABOUT_RETURN_TYPE = YES_ERROR;
				GCC_WARN_UNDECLARED_SELECTOR = YES;
				GCC_WARN_UNINITIALIZED_AUTOS = YES_AGGRESSIVE;
				GCC_WARN_UNUSED_FUNCTION = YES;
				GCC_WARN_UNUSED_VARIABLE = YES;
				IPHONEOS_DEPLOYMENT_TARGET = 12.2;
				MTL_ENABLE_DEBUG_INFO = INCLUDE_SOURCE;
				MTL_FAST_MATH = YES;
				ONLY_ACTIVE_ARCH = YES;
				SDKROOT = iphoneos;
				SWIFT_ACTIVE_COMPILATION_CONDITIONS = DEBUG;
				SWIFT_OPTIMIZATION_LEVEL = "-Onone";
			};
			name = Debug;
		};
		F2FF2A5422E540C50054F22D /* Release */ = {
			isa = XCBuildConfiguration;
			buildSettings = {
				ALWAYS_SEARCH_USER_PATHS = NO;
				CLANG_ANALYZER_NONNULL = YES;
				CLANG_ANALYZER_NUMBER_OBJECT_CONVERSION = YES_AGGRESSIVE;
				CLANG_CXX_LANGUAGE_STANDARD = "gnu++14";
				CLANG_CXX_LIBRARY = "libc++";
				CLANG_ENABLE_MODULES = YES;
				CLANG_ENABLE_OBJC_ARC = YES;
				CLANG_ENABLE_OBJC_WEAK = YES;
				CLANG_WARN_BLOCK_CAPTURE_AUTORELEASING = YES;
				CLANG_WARN_BOOL_CONVERSION = YES;
				CLANG_WARN_COMMA = YES;
				CLANG_WARN_CONSTANT_CONVERSION = YES;
				CLANG_WARN_DEPRECATED_OBJC_IMPLEMENTATIONS = YES;
				CLANG_WARN_DIRECT_OBJC_ISA_USAGE = YES_ERROR;
				CLANG_WARN_DOCUMENTATION_COMMENTS = YES;
				CLANG_WARN_EMPTY_BODY = YES;
				CLANG_WARN_ENUM_CONVERSION = YES;
				CLANG_WARN_INFINITE_RECURSION = YES;
				CLANG_WARN_INT_CONVERSION = YES;
				CLANG_WARN_NON_LITERAL_NULL_CONVERSION = YES;
				CLANG_WARN_OBJC_IMPLICIT_RETAIN_SELF = YES;
				CLANG_WARN_OBJC_LITERAL_CONVERSION = YES;
				CLANG_WARN_OBJC_ROOT_CLASS = YES_ERROR;
				CLANG_WARN_RANGE_LOOP_ANALYSIS = YES;
				CLANG_WARN_STRICT_PROTOTYPES = YES;
				CLANG_WARN_SUSPICIOUS_MOVE = YES;
				CLANG_WARN_UNGUARDED_AVAILABILITY = YES_AGGRESSIVE;
				CLANG_WARN_UNREACHABLE_CODE = YES;
				CLANG_WARN__DUPLICATE_METHOD_MATCH = YES;
				CODE_SIGN_IDENTITY = "iPhone Developer";
				COPY_PHASE_STRIP = NO;
				DEBUG_INFORMATION_FORMAT = "dwarf-with-dsym";
				ENABLE_NS_ASSERTIONS = NO;
				ENABLE_STRICT_OBJC_MSGSEND = YES;
				GCC_C_LANGUAGE_STANDARD = gnu11;
				GCC_NO_COMMON_BLOCKS = YES;
				GCC_WARN_64_TO_32_BIT_CONVERSION = YES;
				GCC_WARN_ABOUT_RETURN_TYPE = YES_ERROR;
				GCC_WARN_UNDECLARED_SELECTOR = YES;
				GCC_WARN_UNINITIALIZED_AUTOS = YES_AGGRESSIVE;
				GCC_WARN_UNUSED_FUNCTION = YES;
				GCC_WARN_UNUSED_VARIABLE = YES;
				IPHONEOS_DEPLOYMENT_TARGET = 12.2;
				MTL_ENABLE_DEBUG_INFO = NO;
				MTL_FAST_MATH = YES;
				SDKROOT = iphoneos;
				SWIFT_COMPILATION_MODE = wholemodule;
				SWIFT_OPTIMIZATION_LEVEL = "-O";
				VALIDATE_PRODUCT = YES;
			};
			name = Release;
		};
		F2FF2A5622E540C50054F22D /* Debug */ = {
			isa = XCBuildConfiguration;
			buildSettings = {
				ASSETCATALOG_COMPILER_APPICON_NAME = AppIcon;
				CODE_SIGN_STYLE = Automatic;
				DEVELOPMENT_TEAM = Q5C85B7FJ4;
				INFOPLIST_FILE = PanGestureSample/Info.plist;
				LD_RUNPATH_SEARCH_PATHS = (
					"$(inherited)",
					"@executable_path/Frameworks",
				);
				PRODUCT_BUNDLE_IDENTIFIER = com.PanGestureSample;
				PRODUCT_NAME = "$(TARGET_NAME)";
				SWIFT_VERSION = 5.0;
				TARGETED_DEVICE_FAMILY = "1,2";
			};
			name = Debug;
		};
		F2FF2A5722E540C50054F22D /* Release */ = {
			isa = XCBuildConfiguration;
			buildSettings = {
				ASSETCATALOG_COMPILER_APPICON_NAME = AppIcon;
				CODE_SIGN_STYLE = Automatic;
				DEVELOPMENT_TEAM = Q5C85B7FJ4;
				INFOPLIST_FILE = PanGestureSample/Info.plist;
				LD_RUNPATH_SEARCH_PATHS = (
					"$(inherited)",
					"@executable_path/Frameworks",
				);
				PRODUCT_BUNDLE_IDENTIFIER = com.PanGestureSample;
				PRODUCT_NAME = "$(TARGET_NAME)";
				SWIFT_VERSION = 5.0;
				TARGETED_DEVICE_FAMILY = "1,2";
			};
			name = Release;
		};
		F2FF2A5922E540C50054F22D /* Debug */ = {
			isa = XCBuildConfiguration;
			buildSettings = {
				ALWAYS_EMBED_SWIFT_STANDARD_LIBRARIES = YES;
				BUNDLE_LOADER = "$(TEST_HOST)";
				CODE_SIGN_STYLE = Automatic;
				DEVELOPMENT_TEAM = Q5C85B7FJ4;
				INFOPLIST_FILE = PanGestureSampleTests/Info.plist;
				LD_RUNPATH_SEARCH_PATHS = (
					"$(inherited)",
					"@executable_path/Frameworks",
					"@loader_path/Frameworks",
				);
				PRODUCT_BUNDLE_IDENTIFIER = com.PanGestureSampleTests;
				PRODUCT_NAME = "$(TARGET_NAME)";
				SWIFT_VERSION = 5.0;
				TARGETED_DEVICE_FAMILY = "1,2";
				TEST_HOST = "$(BUILT_PRODUCTS_DIR)/PanGestureSample.app/PanGestureSample";
			};
			name = Debug;
		};
		F2FF2A5A22E540C50054F22D /* Release */ = {
			isa = XCBuildConfiguration;
			buildSettings = {
				ALWAYS_EMBED_SWIFT_STANDARD_LIBRARIES = YES;
				BUNDLE_LOADER = "$(TEST_HOST)";
				CODE_SIGN_STYLE = Automatic;
				DEVELOPMENT_TEAM = Q5C85B7FJ4;
				INFOPLIST_FILE = PanGestureSampleTests/Info.plist;
				LD_RUNPATH_SEARCH_PATHS = (
					"$(inherited)",
					"@executable_path/Frameworks",
					"@loader_path/Frameworks",
				);
				PRODUCT_BUNDLE_IDENTIFIER = com.PanGestureSampleTests;
				PRODUCT_NAME = "$(TARGET_NAME)";
				SWIFT_VERSION = 5.0;
				TARGETED_DEVICE_FAMILY = "1,2";
				TEST_HOST = "$(BUILT_PRODUCTS_DIR)/PanGestureSample.app/PanGestureSample";
			};
			name = Release;
		};
/* End XCBuildConfiguration section */

/* Begin XCConfigurationList section */
		F2FF2A3322E540C40054F22D /* Build configuration list for PBXProject "PanGestureSample" */ = {
			isa = XCConfigurationList;
			buildConfigurations = (
				F2FF2A5322E540C50054F22D /* Debug */,
				F2FF2A5422E540C50054F22D /* Release */,
			);
			defaultConfigurationIsVisible = 0;
			defaultConfigurationName = Release;
		};
		F2FF2A5522E540C50054F22D /* Build configuration list for PBXNativeTarget "PanGestureSample" */ = {
			isa = XCConfigurationList;
			buildConfigurations = (
				F2FF2A5622E540C50054F22D /* Debug */,
				F2FF2A5722E540C50054F22D /* Release */,
			);
			defaultConfigurationIsVisible = 0;
			defaultConfigurationName = Release;
		};
		F2FF2A5822E540C50054F22D /* Build configuration list for PBXNativeTarget "PanGestureSampleTests" */ = {
			isa = XCConfigurationList;
			buildConfigurations = (
				F2FF2A5922E540C50054F22D /* Debug */,
				F2FF2A5A22E540C50054F22D /* Release */,
			);
			defaultConfigurationIsVisible = 0;
			defaultConfigurationName = Release;
		};
/* End XCConfigurationList section */
	};
	rootObject = F2FF2A3022E540C40054F22D /* Project object */;
}
